Microsoft Visual Studio Solution File, Format Version 12.00
# Visual Studio Version 17
VisualStudioVersion = 17.5.2.0
MinimumVisualStudioVersion = 10.0.40219.1
Project("{FAE04EC0-301F-11D3-BF4B-00C04F79EFBC}") = "MBAModulo1.MVC", "MBAModulo1.MVC\MBAModulo1.MVC.csproj", "{A125635C-1AAF-493B-9142-473C6BF6144E}"
EndProject
Project("{FAE04EC0-301F-11D3-BF4B-00C04F79EFBC}") = "MBAModulo1.API", "MBAModulo1.API\MBAModulo1.API.csproj", "{96E55F08-8066-4532-98B0-F52495309BE6}"
EndProject
Global
	GlobalSection(SolutionProperties) = preSolution
		HideSolutionNode = FALSE
	EndGlobalSection
	GlobalSection(ExtensibilityGlobals) = postSolution
		SolutionGuid = {0A01CAD9-1CE8-48F9-B409-74E542098887}
	EndGlobalSection
	GlobalSection(SolutionConfigurationPlatforms) = preSolution
		Debug|Any CPU = Debug|Any CPU
		Debug|x64 = Debug|x64
		Debug|x86 = Debug|x86
		Release|Any CPU = Release|Any CPU
		Release|x64 = Release|x64
		Release|x86 = Release|x86
	EndGlobalSection
	GlobalSection(ProjectConfigurationPlatforms) = postSolution
		{A125635C-1AAF-493B-9142-473C6BF6144E}.Debug|Any CPU.ActiveCfg = Debug|Any CPU
		{A125635C-1AAF-493B-9142-473C6BF6144E}.Debug|Any CPU.Build.0 = Debug|Any CPU
		{A125635C-1AAF-493B-9142-473C6BF6144E}.Debug|x64.ActiveCfg = Debug|Any CPU
		{A125635C-1AAF-493B-9142-473C6BF6144E}.Debug|x64.Build.0 = Debug|Any CPU
		{A125635C-1AAF-493B-9142-473C6BF6144E}.Debug|x86.ActiveCfg = Debug|Any CPU
		{A125635C-1AAF-493B-9142-473C6BF6144E}.Debug|x86.Build.0 = Debug|Any CPU
		{A125635C-1AAF-493B-9142-473C6BF6144E}.Release|Any CPU.ActiveCfg = Release|Any CPU
		{A125635C-1AAF-493B-9142-473C6BF6144E}.Release|Any CPU.Build.0 = Release|Any CPU
		{A125635C-1AAF-493B-9142-473C6BF6144E}.Release|x64.ActiveCfg = Release|Any CPU
		{A125635C-1AAF-493B-9142-473C6BF6144E}.Release|x64.Build.0 = Release|Any CPU
		{A125635C-1AAF-493B-9142-473C6BF6144E}.Release|x86.ActiveCfg = Release|Any CPU
		{A125635C-1AAF-493B-9142-473C6BF6144E}.Release|x86.Build.0 = Release|Any CPU
		{96E55F08-8066-4532-98B0-F52495309BE6}.Debug|Any CPU.ActiveCfg = Debug|Any CPU
		{96E55F08-8066-4532-98B0-F52495309BE6}.Debug|Any CPU.Build.0 = Debug|Any CPU
		{96E55F08-8066-4532-98B0-F52495309BE6}.Debug|x64.ActiveCfg = Debug|Any CPU
		{96E55F08-8066-4532-98B0-F52495309BE6}.Debug|x64.Build.0 = Debug|Any CPU
		{96E55F08-8066-4532-98B0-F52495309BE6}.Debug|x86.ActiveCfg = Debug|Any CPU
		{96E55F08-8066-4532-98B0-F52495309BE6}.Debug|x86.Build.0 = Debug|Any CPU
		{96E55F08-8066-4532-98B0-F52495309BE6}.Release|Any CPU.ActiveCfg = Release|Any CPU
		{96E55F08-8066-4532-98B0-F52495309BE6}.Release|Any CPU.Build.0 = Release|Any CPU
		{96E55F08-8066-4532-98B0-F52495309BE6}.Release|x64.ActiveCfg = Release|Any CPU
		{96E55F08-8066-4532-98B0-F52495309BE6}.Release|x64.Build.0 = Release|Any CPU
		{96E55F08-8066-4532-98B0-F52495309BE6}.Release|x86.ActiveCfg = Release|Any CPU
		{96E55F08-8066-4532-98B0-F52495309BE6}.Release|x86.Build.0 = Release|Any CPU
	EndGlobalSection
EndGlobal
